
Microsoft Visual Studio Solution File, Format Version 12.00
# Visual Studio Version 17
VisualStudioVersion = 17.8.34511.84
MinimumVisualStudioVersion = 10.0.40219.1
Project("{FAE04EC0-301F-11D3-BF4B-00C04F79EFBC}") = "XUnitTest", "XUnitTest\XUnitTest.csproj", "{4EA78C7B-52C3-4C9B-A3DC-C0DE0337E76A}"
EndProject
Global
	GlobalSection(SolutionConfigurationPlatforms) = preSolution
		Debug|Any CPU = Debug|Any CPU
		Release|Any CPU = Release|Any CPU
	EndGlobalSection
	GlobalSection(ProjectConfigurationPlatforms) = postSolution
		{4EA78C7B-52C3-4C9B-A3DC-C0DE0337E76A}.Debug|Any CPU.ActiveCfg = Debug|Any CPU
		{4EA78C7B-52C3-4C9B-A3DC-C0DE0337E76A}.Debug|Any CPU.Build.0 = Debug|Any CPU
		{4EA78C7B-52C3-4C9B-A3DC-C0DE0337E76A}.Release|Any CPU.ActiveCfg = Release|Any CPU
		{4EA78C7B-52C3-4C9B-A3DC-C0DE0337E76A}.Release|Any CPU.Build.0 = Release|Any CPU
	EndGlobalSection
	GlobalSection(SolutionProperties) = preSolution
		HideSolutionNode = FALSE
	EndGlobalSection
	GlobalSection(ExtensibilityGlobals) = postSolution
		SolutionGuid = {31739349-F247-43F4-9563-CAEF4BCDBE98}
	EndGlobalSection
EndGlobal
